# This file is automatically @generated by Cargo.
# It is not intended for manual editing.
version = 3

[[package]]
name = "xensieve"
version = "0.2.0"
source = "registry+https://github.com/rust-lang/crates.io-index"
checksum = "6e0a262a61e281c1aed717052bb07b1c4bc4973ab8eca5f8a376faf6359e80f9"

[[package]]
name = "xensieve-sandbox"
version = "0.1.0"
dependencies = [
 "xensieve",
]
